
Microsoft Visual Studio Solution File, Format Version 12.00
# Visual Studio 14
VisualStudioVersion = 14.0.23107.0
MinimumVisualStudioVersion = 10.0.40219.1
Project("{FAE04EC0-301F-11D3-BF4B-00C04F79EFBC}") = "TddHw2", "TddHw2\TddHw2.csproj", "{B3250887-B6EB-4B2E-9CFC-E301322AFE9C}"
EndProject
Project("{FAE04EC0-301F-11D3-BF4B-00C04F79EFBC}") = "TddHw2Tests", "TddHw2Tests\TddHw2Tests.csproj", "{4B4EF48B-8F53-483A-BD7A-76BF3A88101E}"
EndProject
Global
	GlobalSection(SolutionConfigurationPlatforms) = preSolution
		Debug|Any CPU = Debug|Any CPU
		Release|Any CPU = Release|Any CPU
	EndGlobalSection
	GlobalSection(ProjectConfigurationPlatforms) = postSolution
		{B3250887-B6EB-4B2E-9CFC-E301322AFE9C}.Debug|Any CPU.ActiveCfg = Debug|Any CPU
		{B3250887-B6EB-4B2E-9CFC-E301322AFE9C}.Debug|Any CPU.Build.0 = Debug|Any CPU
		{B3250887-B6EB-4B2E-9CFC-E301322AFE9C}.Release|Any CPU.ActiveCfg = Release|Any CPU
		{B3250887-B6EB-4B2E-9CFC-E301322AFE9C}.Release|Any CPU.Build.0 = Release|Any CPU
		{4B4EF48B-8F53-483A-BD7A-76BF3A88101E}.Debug|Any CPU.ActiveCfg = Debug|Any CPU
		{4B4EF48B-8F53-483A-BD7A-76BF3A88101E}.Debug|Any CPU.Build.0 = Debug|Any CPU
		{4B4EF48B-8F53-483A-BD7A-76BF3A88101E}.Release|Any CPU.ActiveCfg = Release|Any CPU
		{4B4EF48B-8F53-483A-BD7A-76BF3A88101E}.Release|Any CPU.Build.0 = Release|Any CPU
	EndGlobalSection
	GlobalSection(SolutionProperties) = preSolution
		HideSolutionNode = FALSE
	EndGlobalSection
EndGlobal
